// !$*UTF8*$!
{
	archiveVersion = 1;
	classes = {
	};
	objectVersion = 56;
	objects = {

/* Begin PBXBuildFile section */
		0BF09E981F302FBB9249FA03 /* Pods_ProductListing.framework in Frameworks */ = {isa = PBXBuildFile; fileRef = 9EAF3F8004CC20BA4166F660 /* Pods_ProductListing.framework */; };
		6947A0612CF7002B00B1899E /* ProductListingApp.swift in Sources */ = {isa = PBXBuildFile; fileRef = 6947A0602CF7002B00B1899E /* ProductListingApp.swift */; };
		6947A0632CF7002B00B1899E /* ProductListView.swift in Sources */ = {isa = PBXBuildFile; fileRef = 6947A0622CF7002B00B1899E /* ProductListView.swift */; };
		6947A0672CF7002D00B1899E /* Assets.xcassets in Resources */ = {isa = PBXBuildFile; fileRef = 6947A0662CF7002D00B1899E /* Assets.xcassets */; };
		6947A06A2CF7002D00B1899E /* Preview Assets.xcassets in Resources */ = {isa = PBXBuildFile; fileRef = 6947A0692CF7002D00B1899E /* Preview Assets.xcassets */; };
		6947A0742CF7002D00B1899E /* ProductListingTests.swift in Sources */ = {isa = PBXBuildFile; fileRef = 6947A0732CF7002D00B1899E /* ProductListingTests.swift */; };
		6947A07E2CF7002D00B1899E /* ProductListingUITests.swift in Sources */ = {isa = PBXBuildFile; fileRef = 6947A07D2CF7002D00B1899E /* ProductListingUITests.swift */; };
		6947A0802CF7002D00B1899E /* ProductListingUITestsLaunchTests.swift in Sources */ = {isa = PBXBuildFile; fileRef = 6947A07F2CF7002D00B1899E /* ProductListingUITestsLaunchTests.swift */; };
		6947A0972CF880F500B1899E /* ProductsModule.swift in Sources */ = {isa = PBXBuildFile; fileRef = 6947A0962CF880F500B1899E /* ProductsModule.swift */; };
		6947A0A22CF88EA500B1899E /* ProductListUseCase.swift in Sources */ = {isa = PBXBuildFile; fileRef = 6947A0A12CF88EA500B1899E /* ProductListUseCase.swift */; };
		6947A0A42CF88F2800B1899E /* ProductDomainListDTO.swift in Sources */ = {isa = PBXBuildFile; fileRef = 6947A0A32CF88F2800B1899E /* ProductDomainListDTO.swift */; };
		695169AE2CFDB5DC00879672 /* Double+CurrencyAmount.swift in Sources */ = {isa = PBXBuildFile; fileRef = 695169AD2CFDB5DC00879672 /* Double+CurrencyAmount.swift */; };
		695169B02CFDB87A00879672 /* ErrorView.swift in Sources */ = {isa = PBXBuildFile; fileRef = 695169AF2CFDB87A00879672 /* ErrorView.swift */; };
		695169B42CFDBAD700879672 /* ProductDetailView.swift in Sources */ = {isa = PBXBuildFile; fileRef = 695169B32CFDBAD700879672 /* ProductDetailView.swift */; };
		6967B5E72CF9C0D8007289AD /* ProductListRepositoryProtocol.swift in Sources */ = {isa = PBXBuildFile; fileRef = 6967B5E62CF9C0D8007289AD /* ProductListRepositoryProtocol.swift */; };
		6967B5E92CF9C80E007289AD /* ProductListItemViewModel.swift in Sources */ = {isa = PBXBuildFile; fileRef = 6967B5E82CF9C80E007289AD /* ProductListItemViewModel.swift */; };
		6967B5EB2CF9CA4E007289AD /* ProductListViewModel.swift in Sources */ = {isa = PBXBuildFile; fileRef = 6967B5EA2CF9CA4E007289AD /* ProductListViewModel.swift */; };
		6967B5EE2CF9CBC2007289AD /* Constants.swift in Sources */ = {isa = PBXBuildFile; fileRef = 6967B5ED2CF9CBC2007289AD /* Constants.swift */; };
		6967B5F22CF9E134007289AD /* ProductListItemView.swift in Sources */ = {isa = PBXBuildFile; fileRef = 6967B5F12CF9E134007289AD /* ProductListItemView.swift */; };
		6967B5FE2CFB1B1D007289AD /* DataTransferService.swift in Sources */ = {isa = PBXBuildFile; fileRef = 6967B5F32CFB1B1D007289AD /* DataTransferService.swift */; };
		6967B5FF2CFB1B1D007289AD /* NetworkConfig.swift in Sources */ = {isa = PBXBuildFile; fileRef = 6967B5F42CFB1B1D007289AD /* NetworkConfig.swift */; };
		6967B6002CFB1B1D007289AD /* NetworkError.swift in Sources */ = {isa = PBXBuildFile; fileRef = 6967B5F52CFB1B1D007289AD /* NetworkError.swift */; };
		6967B6012CFB1B1D007289AD /* NetworkManager.swift in Sources */ = {isa = PBXBuildFile; fileRef = 6967B5F62CFB1B1D007289AD /* NetworkManager.swift */; };
		6967B6022CFB1B1D007289AD /* NetworkRequest.swift in Sources */ = {isa = PBXBuildFile; fileRef = 6967B5F72CFB1B1D007289AD /* NetworkRequest.swift */; };
		6967B6032CFB1B1D007289AD /* NetworkSessionManager.swift in Sources */ = {isa = PBXBuildFile; fileRef = 6967B5F82CFB1B1D007289AD /* NetworkSessionManager.swift */; };
		6967B6042CFB1B1D007289AD /* SharedURLSession.swift in Sources */ = {isa = PBXBuildFile; fileRef = 6967B5F92CFB1B1D007289AD /* SharedURLSession.swift */; };
		6967B6052CFB1B1D007289AD /* SharedURLSessionDelegate.swift in Sources */ = {isa = PBXBuildFile; fileRef = 6967B5FA2CFB1B1D007289AD /* SharedURLSessionDelegate.swift */; };
		6967B6062CFB1B1D007289AD /* URLRequestCreater.swift in Sources */ = {isa = PBXBuildFile; fileRef = 6967B5FB2CFB1B1D007289AD /* URLRequestCreater.swift */; };
		6967B6072CFB1B1D007289AD /* URLSessionProtocol.swift in Sources */ = {isa = PBXBuildFile; fileRef = 6967B5FC2CFB1B1D007289AD /* URLSessionProtocol.swift */; };
		6967B6092CFB1C79007289AD /* URLAuthenticationChallenge+TrustServer.swift in Sources */ = {isa = PBXBuildFile; fileRef = 6967B6082CFB1C79007289AD /* URLAuthenticationChallenge+TrustServer.swift */; };
		6967B60B2CFB1D5E007289AD /* ProductDataListDTO.swift in Sources */ = {isa = PBXBuildFile; fileRef = 6967B60A2CFB1D5E007289AD /* ProductDataListDTO.swift */; };
		6967B60D2CFB2AB7007289AD /* ProductListService.swift in Sources */ = {isa = PBXBuildFile; fileRef = 6967B60C2CFB2AB7007289AD /* ProductListService.swift */; };
		6967B60F2CFB2BD4007289AD /* APIEndpoint.swift in Sources */ = {isa = PBXBuildFile; fileRef = 6967B60E2CFB2BD4007289AD /* APIEndpoint.swift */; };
		6967B6112CFB2C44007289AD /* ProductListRepository.swift in Sources */ = {isa = PBXBuildFile; fileRef = 6967B6102CFB2C44007289AD /* ProductListRepository.swift */; };
		6967B6132CFB33E3007289AD /* AppDIContainer.swift in Sources */ = {isa = PBXBuildFile; fileRef = 6967B6122CFB33E3007289AD /* AppDIContainer.swift */; };
		6967B6152CFB3463007289AD /* AppConfiguration.swift in Sources */ = {isa = PBXBuildFile; fileRef = 6967B6142CFB3463007289AD /* AppConfiguration.swift */; };
		6967B6172CFB4870007289AD /* HeaderImageView.swift in Sources */ = {isa = PBXBuildFile; fileRef = 6967B6162CFB4870007289AD /* HeaderImageView.swift */; };
		6967B6192CFB4CAA007289AD /* ProductListLayout.swift in Sources */ = {isa = PBXBuildFile; fileRef = 6967B6182CFB4CAA007289AD /* ProductListLayout.swift */; };
		AD53E3CEA7CFD6A0CCF21A01 /* Pods_ProductListing_ProductListingUITests.framework in Frameworks */ = {isa = PBXBuildFile; fileRef = BED31D6E11C65BB7D93386DA /* Pods_ProductListing_ProductListingUITests.framework */; };
		BC69D7020AFF9E6C409D4902 /* Pods_ProductListingTests.framework in Frameworks */ = {isa = PBXBuildFile; fileRef = 321F2EE9FA994CCEEC24846A /* Pods_ProductListingTests.framework */; };
/* End PBXBuildFile section */

/* Begin PBXContainerItemProxy section */
		6947A0702CF7002D00B1899E /* PBXContainerItemProxy */ = {
			isa = PBXContainerItemProxy;
			containerPortal = 6947A0552CF7002B00B1899E /* Project object */;
			proxyType = 1;
			remoteGlobalIDString = 6947A05C2CF7002B00B1899E;
			remoteInfo = ProductListing;
		};
		6947A07A2CF7002D00B1899E /* PBXContainerItemProxy */ = {
			isa = PBXContainerItemProxy;
			containerPortal = 6947A0552CF7002B00B1899E /* Project object */;
			proxyType = 1;
			remoteGlobalIDString = 6947A05C2CF7002B00B1899E;
			remoteInfo = ProductListing;
		};
/* End PBXContainerItemProxy section */

/* Begin PBXFileReference section */
		321F2EE9FA994CCEEC24846A /* Pods_ProductListingTests.framework */ = {isa = PBXFileReference; explicitFileType = wrapper.framework; includeInIndex = 0; path = Pods_ProductListingTests.framework; sourceTree = BUILT_PRODUCTS_DIR; };
		6947A05D2CF7002B00B1899E /* ProductListing.app */ = {isa = PBXFileReference; explicitFileType = wrapper.application; includeInIndex = 0; path = ProductListing.app; sourceTree = BUILT_PRODUCTS_DIR; };
		6947A0602CF7002B00B1899E /* ProductListingApp.swift */ = {isa = PBXFileReference; lastKnownFileType = sourcecode.swift; path = ProductListingApp.swift; sourceTree = "<group>"; };
		6947A0622CF7002B00B1899E /* ProductListView.swift */ = {isa = PBXFileReference; lastKnownFileType = sourcecode.swift; path = ProductListView.swift; sourceTree = "<group>"; };
		6947A0662CF7002D00B1899E /* Assets.xcassets */ = {isa = PBXFileReference; lastKnownFileType = folder.assetcatalog; path = Assets.xcassets; sourceTree = "<group>"; };
		6947A0692CF7002D00B1899E /* Preview Assets.xcassets */ = {isa = PBXFileReference; lastKnownFileType = folder.assetcatalog; path = "Preview Assets.xcassets"; sourceTree = "<group>"; };
		6947A06F2CF7002D00B1899E /* ProductListingTests.xctest */ = {isa = PBXFileReference; explicitFileType = wrapper.cfbundle; includeInIndex = 0; path = ProductListingTests.xctest; sourceTree = BUILT_PRODUCTS_DIR; };
		6947A0732CF7002D00B1899E /* ProductListingTests.swift */ = {isa = PBXFileReference; lastKnownFileType = sourcecode.swift; path = ProductListingTests.swift; sourceTree = "<group>"; };
		6947A0792CF7002D00B1899E /* ProductListingUITests.xctest */ = {isa = PBXFileReference; explicitFileType = wrapper.cfbundle; includeInIndex = 0; path = ProductListingUITests.xctest; sourceTree = BUILT_PRODUCTS_DIR; };
		6947A07D2CF7002D00B1899E /* ProductListingUITests.swift */ = {isa = PBXFileReference; lastKnownFileType = sourcecode.swift; path = ProductListingUITests.swift; sourceTree = "<group>"; };
		6947A07F2CF7002D00B1899E /* ProductListingUITestsLaunchTests.swift */ = {isa = PBXFileReference; lastKnownFileType = sourcecode.swift; path = ProductListingUITestsLaunchTests.swift; sourceTree = "<group>"; };
		6947A0962CF880F500B1899E /* ProductsModule.swift */ = {isa = PBXFileReference; lastKnownFileType = sourcecode.swift; path = ProductsModule.swift; sourceTree = "<group>"; };
		6947A0A12CF88EA500B1899E /* ProductListUseCase.swift */ = {isa = PBXFileReference; lastKnownFileType = sourcecode.swift; path = ProductListUseCase.swift; sourceTree = "<group>"; };
		6947A0A32CF88F2800B1899E /* ProductDomainListDTO.swift */ = {isa = PBXFileReference; lastKnownFileType = sourcecode.swift; path = ProductDomainListDTO.swift; sourceTree = "<group>"; };
		695169AD2CFDB5DC00879672 /* Double+CurrencyAmount.swift */ = {isa = PBXFileReference; lastKnownFileType = sourcecode.swift; path = "Double+CurrencyAmount.swift"; sourceTree = "<group>"; };
		695169AF2CFDB87A00879672 /* ErrorView.swift */ = {isa = PBXFileReference; lastKnownFileType = sourcecode.swift; path = ErrorView.swift; sourceTree = "<group>"; };
		695169B32CFDBAD700879672 /* ProductDetailView.swift */ = {isa = PBXFileReference; lastKnownFileType = sourcecode.swift; path = ProductDetailView.swift; sourceTree = "<group>"; };
		6967B5E62CF9C0D8007289AD /* ProductListRepositoryProtocol.swift */ = {isa = PBXFileReference; lastKnownFileType = sourcecode.swift; path = ProductListRepositoryProtocol.swift; sourceTree = "<group>"; };
		6967B5E82CF9C80E007289AD /* ProductListItemViewModel.swift */ = {isa = PBXFileReference; lastKnownFileType = sourcecode.swift; path = ProductListItemViewModel.swift; sourceTree = "<group>"; };
		6967B5EA2CF9CA4E007289AD /* ProductListViewModel.swift */ = {isa = PBXFileReference; lastKnownFileType = sourcecode.swift; path = ProductListViewModel.swift; sourceTree = "<group>"; };
		6967B5ED2CF9CBC2007289AD /* Constants.swift */ = {isa = PBXFileReference; lastKnownFileType = sourcecode.swift; path = Constants.swift; sourceTree = "<group>"; };
		6967B5F12CF9E134007289AD /* ProductListItemView.swift */ = {isa = PBXFileReference; lastKnownFileType = sourcecode.swift; path = ProductListItemView.swift; sourceTree = "<group>"; };
		6967B5F32CFB1B1D007289AD /* DataTransferService.swift */ = {isa = PBXFileReference; fileEncoding = 4; lastKnownFileType = sourcecode.swift; path = DataTransferService.swift; sourceTree = "<group>"; };
		6967B5F42CFB1B1D007289AD /* NetworkConfig.swift */ = {isa = PBXFileReference; fileEncoding = 4; lastKnownFileType = sourcecode.swift; path = NetworkConfig.swift; sourceTree = "<group>"; };
		6967B5F52CFB1B1D007289AD /* NetworkError.swift */ = {isa = PBXFileReference; fileEncoding = 4; lastKnownFileType = sourcecode.swift; path = NetworkError.swift; sourceTree = "<group>"; };
		6967B5F62CFB1B1D007289AD /* NetworkManager.swift */ = {isa = PBXFileReference; fileEncoding = 4; lastKnownFileType = sourcecode.swift; path = NetworkManager.swift; sourceTree = "<group>"; };
		6967B5F72CFB1B1D007289AD /* NetworkRequest.swift */ = {isa = PBXFileReference; fileEncoding = 4; lastKnownFileType = sourcecode.swift; path = NetworkRequest.swift; sourceTree = "<group>"; };
		6967B5F82CFB1B1D007289AD /* NetworkSessionManager.swift */ = {isa = PBXFileReference; fileEncoding = 4; lastKnownFileType = sourcecode.swift; path = NetworkSessionManager.swift; sourceTree = "<group>"; };
		6967B5F92CFB1B1D007289AD /* SharedURLSession.swift */ = {isa = PBXFileReference; fileEncoding = 4; lastKnownFileType = sourcecode.swift; path = SharedURLSession.swift; sourceTree = "<group>"; };
		6967B5FA2CFB1B1D007289AD /* SharedURLSessionDelegate.swift */ = {isa = PBXFileReference; fileEncoding = 4; lastKnownFileType = sourcecode.swift; path = SharedURLSessionDelegate.swift; sourceTree = "<group>"; };
		6967B5FB2CFB1B1D007289AD /* URLRequestCreater.swift */ = {isa = PBXFileReference; fileEncoding = 4; lastKnownFileType = sourcecode.swift; path = URLRequestCreater.swift; sourceTree = "<group>"; };
		6967B5FC2CFB1B1D007289AD /* URLSessionProtocol.swift */ = {isa = PBXFileReference; fileEncoding = 4; lastKnownFileType = sourcecode.swift; path = URLSessionProtocol.swift; sourceTree = "<group>"; };
		6967B6082CFB1C79007289AD /* URLAuthenticationChallenge+TrustServer.swift */ = {isa = PBXFileReference; fileEncoding = 4; lastKnownFileType = sourcecode.swift; path = "URLAuthenticationChallenge+TrustServer.swift"; sourceTree = "<group>"; };
		6967B60A2CFB1D5E007289AD /* ProductDataListDTO.swift */ = {isa = PBXFileReference; lastKnownFileType = sourcecode.swift; path = ProductDataListDTO.swift; sourceTree = "<group>"; };
		6967B60C2CFB2AB7007289AD /* ProductListService.swift */ = {isa = PBXFileReference; lastKnownFileType = sourcecode.swift; path = ProductListService.swift; sourceTree = "<group>"; };
		6967B60E2CFB2BD4007289AD /* APIEndpoint.swift */ = {isa = PBXFileReference; lastKnownFileType = sourcecode.swift; path = APIEndpoint.swift; sourceTree = "<group>"; };
		6967B6102CFB2C44007289AD /* ProductListRepository.swift */ = {isa = PBXFileReference; lastKnownFileType = sourcecode.swift; path = ProductListRepository.swift; sourceTree = "<group>"; };
		6967B6122CFB33E3007289AD /* AppDIContainer.swift */ = {isa = PBXFileReference; lastKnownFileType = sourcecode.swift; path = AppDIContainer.swift; sourceTree = "<group>"; };
		6967B6142CFB3463007289AD /* AppConfiguration.swift */ = {isa = PBXFileReference; lastKnownFileType = sourcecode.swift; path = AppConfiguration.swift; sourceTree = "<group>"; };
		6967B6162CFB4870007289AD /* HeaderImageView.swift */ = {isa = PBXFileReference; lastKnownFileType = sourcecode.swift; path = HeaderImageView.swift; sourceTree = "<group>"; };
		6967B6182CFB4CAA007289AD /* ProductListLayout.swift */ = {isa = PBXFileReference; lastKnownFileType = sourcecode.swift; path = ProductListLayout.swift; sourceTree = "<group>"; };
		7140BA6775317FF0974E7023 /* Pods-ProductListing.release.xcconfig */ = {isa = PBXFileReference; includeInIndex = 1; lastKnownFileType = text.xcconfig; name = "Pods-ProductListing.release.xcconfig"; path = "Target Support Files/Pods-ProductListing/Pods-ProductListing.release.xcconfig"; sourceTree = "<group>"; };
		72873AC0BE3E2764642B9875 /* Pods-ProductListing.debug.xcconfig */ = {isa = PBXFileReference; includeInIndex = 1; lastKnownFileType = text.xcconfig; name = "Pods-ProductListing.debug.xcconfig"; path = "Target Support Files/Pods-ProductListing/Pods-ProductListing.debug.xcconfig"; sourceTree = "<group>"; };
		8A9E1D1DA87BED01C8750A88 /* Pods-ProductListing-ProductListingUITests.release.xcconfig */ = {isa = PBXFileReference; includeInIndex = 1; lastKnownFileType = text.xcconfig; name = "Pods-ProductListing-ProductListingUITests.release.xcconfig"; path = "Target Support Files/Pods-ProductListing-ProductListingUITests/Pods-ProductListing-ProductListingUITests.release.xcconfig"; sourceTree = "<group>"; };
		95ADA72F2A2F2F1139EED608 /* Pods-ProductListingTests.debug.xcconfig */ = {isa = PBXFileReference; includeInIndex = 1; lastKnownFileType = text.xcconfig; name = "Pods-ProductListingTests.debug.xcconfig"; path = "Target Support Files/Pods-ProductListingTests/Pods-ProductListingTests.debug.xcconfig"; sourceTree = "<group>"; };
		9EAF3F8004CC20BA4166F660 /* Pods_ProductListing.framework */ = {isa = PBXFileReference; explicitFileType = wrapper.framework; includeInIndex = 0; path = Pods_ProductListing.framework; sourceTree = BUILT_PRODUCTS_DIR; };
		BD009D9C5C84CDB5AF011F7B /* Pods-ProductListing-ProductListingUITests.debug.xcconfig */ = {isa = PBXFileReference; includeInIndex = 1; lastKnownFileType = text.xcconfig; name = "Pods-ProductListing-ProductListingUITests.debug.xcconfig"; path = "Target Support Files/Pods-ProductListing-ProductListingUITests/Pods-ProductListing-ProductListingUITests.debug.xcconfig"; sourceTree = "<group>"; };
		BED31D6E11C65BB7D93386DA /* Pods_ProductListing_ProductListingUITests.framework */ = {isa = PBXFileReference; explicitFileType = wrapper.framework; includeInIndex = 0; path = Pods_ProductListing_ProductListingUITests.framework; sourceTree = BUILT_PRODUCTS_DIR; };
		F86017B4AE583481319C929C /* Pods-ProductListingTests.release.xcconfig */ = {isa = PBXFileReference; includeInIndex = 1; lastKnownFileType = text.xcconfig; name = "Pods-ProductListingTests.release.xcconfig"; path = "Target Support Files/Pods-ProductListingTests/Pods-ProductListingTests.release.xcconfig"; sourceTree = "<group>"; };
/* End PBXFileReference section */

/* Begin PBXFrameworksBuildPhase section */
		6947A05A2CF7002B00B1899E /* Frameworks */ = {
			isa = PBXFrameworksBuildPhase;
			buildActionMask = 2147483647;
			files = (
				0BF09E981F302FBB9249FA03 /* Pods_ProductListing.framework in Frameworks */,
			);
			runOnlyForDeploymentPostprocessing = 0;
		};
		6947A06C2CF7002D00B1899E /* Frameworks */ = {
			isa = PBXFrameworksBuildPhase;
			buildActionMask = 2147483647;
			files = (
				BC69D7020AFF9E6C409D4902 /* Pods_ProductListingTests.framework in Frameworks */,
			);
			runOnlyForDeploymentPostprocessing = 0;
		};
		6947A0762CF7002D00B1899E /* Frameworks */ = {
			isa = PBXFrameworksBuildPhase;
			buildActionMask = 2147483647;
			files = (
				AD53E3CEA7CFD6A0CCF21A01 /* Pods_ProductListing_ProductListingUITests.framework in Frameworks */,
			);
			runOnlyForDeploymentPostprocessing = 0;
		};
/* End PBXFrameworksBuildPhase section */

/* Begin PBXGroup section */
		29EF5D1B62F038E7786A73F8 /* Frameworks */ = {
			isa = PBXGroup;
			children = (
				9EAF3F8004CC20BA4166F660 /* Pods_ProductListing.framework */,
				BED31D6E11C65BB7D93386DA /* Pods_ProductListing_ProductListingUITests.framework */,
				321F2EE9FA994CCEEC24846A /* Pods_ProductListingTests.framework */,
			);
			name = Frameworks;
			sourceTree = "<group>";
		};
		6947A0542CF7002B00B1899E = {
			isa = PBXGroup;
			children = (
				6947A05F2CF7002B00B1899E /* ProductListing */,
				6947A0722CF7002D00B1899E /* ProductListingTests */,
				6947A07C2CF7002D00B1899E /* ProductListingUITests */,
				6947A05E2CF7002B00B1899E /* Products */,
				908F4E444D7DF6198751ECD2 /* Pods */,
				29EF5D1B62F038E7786A73F8 /* Frameworks */,
			);
			sourceTree = "<group>";
		};
		6947A05E2CF7002B00B1899E /* Products */ = {
			isa = PBXGroup;
			children = (
				6947A05D2CF7002B00B1899E /* ProductListing.app */,
				6947A06F2CF7002D00B1899E /* ProductListingTests.xctest */,
				6947A0792CF7002D00B1899E /* ProductListingUITests.xctest */,
			);
			name = Products;
			sourceTree = "<group>";
		};
		6947A05F2CF7002B00B1899E /* ProductListing */ = {
			isa = PBXGroup;
			children = (
				6947A08C2CF87F0A00B1899E /* Application */,
				6947A08D2CF87F2D00B1899E /* CleanModules */,
				6967B5FD2CFB1B1D007289AD /* Networking */,
				6947A08F2CF87F4E00B1899E /* Resources */,
				6947A0902CF87F8800B1899E /* Common */,
			);
			path = ProductListing;
			sourceTree = "<group>";
		};
		6947A0682CF7002D00B1899E /* Preview Content */ = {
			isa = PBXGroup;
			children = (
				6947A0692CF7002D00B1899E /* Preview Assets.xcassets */,
			);
			path = "Preview Content";
			sourceTree = "<group>";
		};
		6947A0722CF7002D00B1899E /* ProductListingTests */ = {
			isa = PBXGroup;
			children = (
				6947A0732CF7002D00B1899E /* ProductListingTests.swift */,
			);
			path = ProductListingTests;
			sourceTree = "<group>";
		};
		6947A07C2CF7002D00B1899E /* ProductListingUITests */ = {
			isa = PBXGroup;
			children = (
				6947A07D2CF7002D00B1899E /* ProductListingUITests.swift */,
				6947A07F2CF7002D00B1899E /* ProductListingUITestsLaunchTests.swift */,
			);
			path = ProductListingUITests;
			sourceTree = "<group>";
		};
		6947A08C2CF87F0A00B1899E /* Application */ = {
			isa = PBXGroup;
			children = (
				6947A0602CF7002B00B1899E /* ProductListingApp.swift */,
				6967B6122CFB33E3007289AD /* AppDIContainer.swift */,
				6967B6142CFB3463007289AD /* AppConfiguration.swift */,
			);
			path = Application;
			sourceTree = "<group>";
		};
		6947A08D2CF87F2D00B1899E /* CleanModules */ = {
			isa = PBXGroup;
			children = (
				6947A0912CF8809C00B1899E /* Product */,
			);
			path = CleanModules;
			sourceTree = "<group>";
		};
		6947A08F2CF87F4E00B1899E /* Resources */ = {
			isa = PBXGroup;
			children = (
				6947A0682CF7002D00B1899E /* Preview Content */,
				6947A0662CF7002D00B1899E /* Assets.xcassets */,
			);
			path = Resources;
			sourceTree = "<group>";
		};
		6947A0902CF87F8800B1899E /* Common */ = {
			isa = PBXGroup;
			children = (
				6967B5ED2CF9CBC2007289AD /* Constants.swift */,
			);
			path = Common;
			sourceTree = "<group>";
		};
		6947A0912CF8809C00B1899E /* Product */ = {
			isa = PBXGroup;
			children = (
				6947A0962CF880F500B1899E /* ProductsModule.swift */,
				6947A0942CF880D100B1899E /* Presentation */,
				6947A0932CF880CC00B1899E /* Domain */,
				6947A0922CF880C600B1899E /* Data */,
			);
			path = Product;
			sourceTree = "<group>";
		};
		6947A0922CF880C600B1899E /* Data */ = {
			isa = PBXGroup;
			children = (
				6947A09E2CF8819600B1899E /* Entity */,
				6947A09F2CF8819F00B1899E /* Repository */,
				6947A0A02CF881A800B1899E /* Services */,
			);
			path = Data;
			sourceTree = "<group>";
		};
		6947A0932CF880CC00B1899E /* Domain */ = {
			isa = PBXGroup;
			children = (
				6947A09B2CF8816800B1899E /* Entity */,
				6947A09D2CF8818000B1899E /* Interface */,
				6947A09C2CF8816E00B1899E /* UseCase */,
			);
			path = Domain;
			sourceTree = "<group>";
		};
		6947A0942CF880D100B1899E /* Presentation */ = {
			isa = PBXGroup;
			children = (
				6947A0992CF8812600B1899E /* ViewModel */,
				6947A09A2CF8813A00B1899E /* Views */,
				6947A0982CF8811F00B1899E /* Utils */,
			);
			path = Presentation;
			sourceTree = "<group>";
		};
		6947A0982CF8811F00B1899E /* Utils */ = {
			isa = PBXGroup;
			children = (
				695169AC2CFDB5C400879672 /* Extensions */,
			);
			path = Utils;
			sourceTree = "<group>";
		};
		6947A0992CF8812600B1899E /* ViewModel */ = {
			isa = PBXGroup;
			children = (
				6967B5E82CF9C80E007289AD /* ProductListItemViewModel.swift */,
				6967B5EA2CF9CA4E007289AD /* ProductListViewModel.swift */,
			);
			path = ViewModel;
			sourceTree = "<group>";
		};
		6947A09A2CF8813A00B1899E /* Views */ = {
			isa = PBXGroup;
			children = (
				6947A0622CF7002B00B1899E /* ProductListView.swift */,
				6967B5F12CF9E134007289AD /* ProductListItemView.swift */,
				6967B6162CFB4870007289AD /* HeaderImageView.swift */,
				6967B6182CFB4CAA007289AD /* ProductListLayout.swift */,
				695169AF2CFDB87A00879672 /* ErrorView.swift */,
				695169B32CFDBAD700879672 /* ProductDetailView.swift */,
			);
			path = Views;
			sourceTree = "<group>";
		};
		6947A09B2CF8816800B1899E /* Entity */ = {
			isa = PBXGroup;
			children = (
				6947A0A32CF88F2800B1899E /* ProductDomainListDTO.swift */,
			);
			path = Entity;
			sourceTree = "<group>";
		};
		6947A09C2CF8816E00B1899E /* UseCase */ = {
			isa = PBXGroup;
			children = (
				6947A0A12CF88EA500B1899E /* ProductListUseCase.swift */,
			);
			path = UseCase;
			sourceTree = "<group>";
		};
		6947A09D2CF8818000B1899E /* Interface */ = {
			isa = PBXGroup;
			children = (
				6967B5E52CF9C0C2007289AD /* Repository */,
			);
			path = Interface;
			sourceTree = "<group>";
		};
		6947A09E2CF8819600B1899E /* Entity */ = {
			isa = PBXGroup;
			children = (
				6967B60A2CFB1D5E007289AD /* ProductDataListDTO.swift */,
			);
			path = Entity;
			sourceTree = "<group>";
		};
		6947A09F2CF8819F00B1899E /* Repository */ = {
			isa = PBXGroup;
			children = (
				6967B6102CFB2C44007289AD /* ProductListRepository.swift */,
			);
			path = Repository;
			sourceTree = "<group>";
		};
		6947A0A02CF881A800B1899E /* Services */ = {
			isa = PBXGroup;
			children = (
				6967B60C2CFB2AB7007289AD /* ProductListService.swift */,
				6967B60E2CFB2BD4007289AD /* APIEndpoint.swift */,
			);
			path = Services;
			sourceTree = "<group>";
		};
		695169AC2CFDB5C400879672 /* Extensions */ = {
			isa = PBXGroup;
			children = (
				695169AD2CFDB5DC00879672 /* Double+CurrencyAmount.swift */,
			);
			path = Extensions;
			sourceTree = "<group>";
		};
		6967B5E52CF9C0C2007289AD /* Repository */ = {
			isa = PBXGroup;
			children = (
				6967B5E62CF9C0D8007289AD /* ProductListRepositoryProtocol.swift */,
			);
			path = Repository;
			sourceTree = "<group>";
		};
		6967B5FD2CFB1B1D007289AD /* Networking */ = {
			isa = PBXGroup;
			children = (
				6967B6082CFB1C79007289AD /* URLAuthenticationChallenge+TrustServer.swift */,
				6967B5F32CFB1B1D007289AD /* DataTransferService.swift */,
				6967B5F42CFB1B1D007289AD /* NetworkConfig.swift */,
				6967B5F52CFB1B1D007289AD /* NetworkError.swift */,
				6967B5F62CFB1B1D007289AD /* NetworkManager.swift */,
				6967B5F72CFB1B1D007289AD /* NetworkRequest.swift */,
				6967B5F82CFB1B1D007289AD /* NetworkSessionManager.swift */,
				6967B5F92CFB1B1D007289AD /* SharedURLSession.swift */,
				6967B5FA2CFB1B1D007289AD /* SharedURLSessionDelegate.swift */,
				6967B5FB2CFB1B1D007289AD /* URLRequestCreater.swift */,
				6967B5FC2CFB1B1D007289AD /* URLSessionProtocol.swift */,
			);
			path = Networking;
			sourceTree = "<group>";
		};
		908F4E444D7DF6198751ECD2 /* Pods */ = {
			isa = PBXGroup;
			children = (
				72873AC0BE3E2764642B9875 /* Pods-ProductListing.debug.xcconfig */,
				7140BA6775317FF0974E7023 /* Pods-ProductListing.release.xcconfig */,
				BD009D9C5C84CDB5AF011F7B /* Pods-ProductListing-ProductListingUITests.debug.xcconfig */,
				8A9E1D1DA87BED01C8750A88 /* Pods-ProductListing-ProductListingUITests.release.xcconfig */,
				95ADA72F2A2F2F1139EED608 /* Pods-ProductListingTests.debug.xcconfig */,
				F86017B4AE583481319C929C /* Pods-ProductListingTests.release.xcconfig */,
			);
			path = Pods;
			sourceTree = "<group>";
		};
/* End PBXGroup section */

/* Begin PBXNativeTarget section */
		6947A05C2CF7002B00B1899E /* ProductListing */ = {
			isa = PBXNativeTarget;
			buildConfigurationList = 6947A0832CF7002D00B1899E /* Build configuration list for PBXNativeTarget "ProductListing" */;
			buildPhases = (
				494D871E7EF5C290FE251751 /* [CP] Check Pods Manifest.lock */,
				6947A0592CF7002B00B1899E /* Sources */,
				6947A05A2CF7002B00B1899E /* Frameworks */,
				6947A05B2CF7002B00B1899E /* Resources */,
				A65AA14DE4ED10C69F567934 /* [CP] Embed Pods Frameworks */,
			);
			buildRules = (
			);
			dependencies = (
			);
			name = ProductListing;
			productName = ProductListing;
			productReference = 6947A05D2CF7002B00B1899E /* ProductListing.app */;
			productType = "com.apple.product-type.application";
		};
		6947A06E2CF7002D00B1899E /* ProductListingTests */ = {
			isa = PBXNativeTarget;
			buildConfigurationList = 6947A0862CF7002D00B1899E /* Build configuration list for PBXNativeTarget "ProductListingTests" */;
			buildPhases = (
				E943A0F4EDE976F5EAE3D1AE /* [CP] Check Pods Manifest.lock */,
				6947A06B2CF7002D00B1899E /* Sources */,
				6947A06C2CF7002D00B1899E /* Frameworks */,
				6947A06D2CF7002D00B1899E /* Resources */,
			);
			buildRules = (
			);
			dependencies = (
				6947A0712CF7002D00B1899E /* PBXTargetDependency */,
			);
			name = ProductListingTests;
			productName = ProductListingTests;
			productReference = 6947A06F2CF7002D00B1899E /* ProductListingTests.xctest */;
			productType = "com.apple.product-type.bundle.unit-test";
		};
		6947A0782CF7002D00B1899E /* ProductListingUITests */ = {
			isa = PBXNativeTarget;
			buildConfigurationList = 6947A0892CF7002D00B1899E /* Build configuration list for PBXNativeTarget "ProductListingUITests" */;
			buildPhases = (
				DF8E6F70AC18C9EAE0BB0425 /* [CP] Check Pods Manifest.lock */,
				6947A0752CF7002D00B1899E /* Sources */,
				6947A0762CF7002D00B1899E /* Frameworks */,
				6947A0772CF7002D00B1899E /* Resources */,
				12F4E96CD0428A89424DDEA4 /* [CP] Embed Pods Frameworks */,
			);
			buildRules = (
			);
			dependencies = (
				6947A07B2CF7002D00B1899E /* PBXTargetDependency */,
			);
			name = ProductListingUITests;
			productName = ProductListingUITests;
			productReference = 6947A0792CF7002D00B1899E /* ProductListingUITests.xctest */;
			productType = "com.apple.product-type.bundle.ui-testing";
		};
/* End PBXNativeTarget section */

/* Begin PBXProject section */
		6947A0552CF7002B00B1899E /* Project object */ = {
			isa = PBXProject;
			attributes = {
				BuildIndependentTargetsInParallel = 1;
				LastSwiftUpdateCheck = 1540;
				LastUpgradeCheck = 1540;
				TargetAttributes = {
					6947A05C2CF7002B00B1899E = {
						CreatedOnToolsVersion = 15.4;
					};
					6947A06E2CF7002D00B1899E = {
						CreatedOnToolsVersion = 15.4;
						TestTargetID = 6947A05C2CF7002B00B1899E;
					};
					6947A0782CF7002D00B1899E = {
						CreatedOnToolsVersion = 15.4;
						TestTargetID = 6947A05C2CF7002B00B1899E;
					};
				};
			};
			buildConfigurationList = 6947A0582CF7002B00B1899E /* Build configuration list for PBXProject "ProductListing" */;
			compatibilityVersion = "Xcode 14.0";
			developmentRegion = en;
			hasScannedForEncodings = 0;
			knownRegions = (
				en,
				Base,
			);
			mainGroup = 6947A0542CF7002B00B1899E;
			productRefGroup = 6947A05E2CF7002B00B1899E /* Products */;
			projectDirPath = "";
			projectRoot = "";
			targets = (
				6947A05C2CF7002B00B1899E /* ProductListing */,
				6947A06E2CF7002D00B1899E /* ProductListingTests */,
				6947A0782CF7002D00B1899E /* ProductListingUITests */,
			);
		};
/* End PBXProject section */

/* Begin PBXResourcesBuildPhase section */
		6947A05B2CF7002B00B1899E /* Resources */ = {
			isa = PBXResourcesBuildPhase;
			buildActionMask = 2147483647;
			files = (
				6947A06A2CF7002D00B1899E /* Preview Assets.xcassets in Resources */,
				6947A0672CF7002D00B1899E /* Assets.xcassets in Resources */,
			);
			runOnlyForDeploymentPostprocessing = 0;
		};
		6947A06D2CF7002D00B1899E /* Resources */ = {
			isa = PBXResourcesBuildPhase;
			buildActionMask = 2147483647;
			files = (
			);
			runOnlyForDeploymentPostprocessing = 0;
		};
		6947A0772CF7002D00B1899E /* Resources */ = {
			isa = PBXResourcesBuildPhase;
			buildActionMask = 2147483647;
			files = (
			);
			runOnlyForDeploymentPostprocessing = 0;
		};
/* End PBXResourcesBuildPhase section */

/* Begin PBXShellScriptBuildPhase section */
		12F4E96CD0428A89424DDEA4 /* [CP] Embed Pods Frameworks */ = {
			isa = PBXShellScriptBuildPhase;
			buildActionMask = 2147483647;
			files = (
			);
			inputFileListPaths = (
				"${PODS_ROOT}/Target Support Files/Pods-ProductListing-ProductListingUITests/Pods-ProductListing-ProductListingUITests-frameworks-${CONFIGURATION}-input-files.xcfilelist",
			);
			name = "[CP] Embed Pods Frameworks";
			outputFileListPaths = (
				"${PODS_ROOT}/Target Support Files/Pods-ProductListing-ProductListingUITests/Pods-ProductListing-ProductListingUITests-frameworks-${CONFIGURATION}-output-files.xcfilelist",
			);
			runOnlyForDeploymentPostprocessing = 0;
			shellPath = /bin/sh;
			shellScript = "\"${PODS_ROOT}/Target Support Files/Pods-ProductListing-ProductListingUITests/Pods-ProductListing-ProductListingUITests-frameworks.sh\"\n";
			showEnvVarsInLog = 0;
		};
		494D871E7EF5C290FE251751 /* [CP] Check Pods Manifest.lock */ = {
			isa = PBXShellScriptBuildPhase;
			buildActionMask = 2147483647;
			files = (
			);
			inputFileListPaths = (
			);
			inputPaths = (
				"${PODS_PODFILE_DIR_PATH}/Podfile.lock",
				"${PODS_ROOT}/Manifest.lock",
			);
			name = "[CP] Check Pods Manifest.lock";
			outputFileListPaths = (
			);
			outputPaths = (
				"$(DERIVED_FILE_DIR)/Pods-ProductListing-checkManifestLockResult.txt",
			);
			runOnlyForDeploymentPostprocessing = 0;
			shellPath = /bin/sh;
			shellScript = "diff \"${PODS_PODFILE_DIR_PATH}/Podfile.lock\" \"${PODS_ROOT}/Manifest.lock\" > /dev/null\nif [ $? != 0 ] ; then\n    # print error to STDERR\n    echo \"error: The sandbox is not in sync with the Podfile.lock. Run 'pod install' or update your CocoaPods installation.\" >&2\n    exit 1\nfi\n# This output is used by Xcode 'outputs' to avoid re-running this script phase.\necho \"SUCCESS\" > \"${SCRIPT_OUTPUT_FILE_0}\"\n";
			showEnvVarsInLog = 0;
		};
		A65AA14DE4ED10C69F567934 /* [CP] Embed Pods Frameworks */ = {
			isa = PBXShellScriptBuildPhase;
			buildActionMask = 2147483647;
			files = (
			);
			inputFileListPaths = (
				"${PODS_ROOT}/Target Support Files/Pods-ProductListing/Pods-ProductListing-frameworks-${CONFIGURATION}-input-files.xcfilelist",
			);
			name = "[CP] Embed Pods Frameworks";
			outputFileListPaths = (
				"${PODS_ROOT}/Target Support Files/Pods-ProductListing/Pods-ProductListing-frameworks-${CONFIGURATION}-output-files.xcfilelist",
			);
			runOnlyForDeploymentPostprocessing = 0;
			shellPath = /bin/sh;
			shellScript = "\"${PODS_ROOT}/Target Support Files/Pods-ProductListing/Pods-ProductListing-frameworks.sh\"\n";
			showEnvVarsInLog = 0;
		};
		DF8E6F70AC18C9EAE0BB0425 /* [CP] Check Pods Manifest.lock */ = {
			isa = PBXShellScriptBuildPhase;
			buildActionMask = 2147483647;
			files = (
			);
			inputFileListPaths = (
			);
			inputPaths = (
				"${PODS_PODFILE_DIR_PATH}/Podfile.lock",
				"${PODS_ROOT}/Manifest.lock",
			);
			name = "[CP] Check Pods Manifest.lock";
			outputFileListPaths = (
			);
			outputPaths = (
				"$(DERIVED_FILE_DIR)/Pods-ProductListing-ProductListingUITests-checkManifestLockResult.txt",
			);
			runOnlyForDeploymentPostprocessing = 0;
			shellPath = /bin/sh;
			shellScript = "diff \"${PODS_PODFILE_DIR_PATH}/Podfile.lock\" \"${PODS_ROOT}/Manifest.lock\" > /dev/null\nif [ $? != 0 ] ; then\n    # print error to STDERR\n    echo \"error: The sandbox is not in sync with the Podfile.lock. Run 'pod install' or update your CocoaPods installation.\" >&2\n    exit 1\nfi\n# This output is used by Xcode 'outputs' to avoid re-running this script phase.\necho \"SUCCESS\" > \"${SCRIPT_OUTPUT_FILE_0}\"\n";
			showEnvVarsInLog = 0;
		};
		E943A0F4EDE976F5EAE3D1AE /* [CP] Check Pods Manifest.lock */ = {
			isa = PBXShellScriptBuildPhase;
			buildActionMask = 2147483647;
			files = (
			);
			inputFileListPaths = (
			);
			inputPaths = (
				"${PODS_PODFILE_DIR_PATH}/Podfile.lock",
				"${PODS_ROOT}/Manifest.lock",
			);
			name = "[CP] Check Pods Manifest.lock";
			outputFileListPaths = (
			);
			outputPaths = (
				"$(DERIVED_FILE_DIR)/Pods-ProductListingTests-checkManifestLockResult.txt",
			);
			runOnlyForDeploymentPostprocessing = 0;
			shellPath = /bin/sh;
			shellScript = "diff \"${PODS_PODFILE_DIR_PATH}/Podfile.lock\" \"${PODS_ROOT}/Manifest.lock\" > /dev/null\nif [ $? != 0 ] ; then\n    # print error to STDERR\n    echo \"error: The sandbox is not in sync with the Podfile.lock. Run 'pod install' or update your CocoaPods installation.\" >&2\n    exit 1\nfi\n# This output is used by Xcode 'outputs' to avoid re-running this script phase.\necho \"SUCCESS\" > \"${SCRIPT_OUTPUT_FILE_0}\"\n";
			showEnvVarsInLog = 0;
		};
/* End PBXShellScriptBuildPhase section */

/* Begin PBXSourcesBuildPhase section */
		6947A0592CF7002B00B1899E /* Sources */ = {
			isa = PBXSourcesBuildPhase;
			buildActionMask = 2147483647;
			files = (
				6967B6072CFB1B1D007289AD /* URLSessionProtocol.swift in Sources */,
				695169B42CFDBAD700879672 /* ProductDetailView.swift in Sources */,
				6967B6192CFB4CAA007289AD /* ProductListLayout.swift in Sources */,
				6967B60B2CFB1D5E007289AD /* ProductDataListDTO.swift in Sources */,
				6967B60D2CFB2AB7007289AD /* ProductListService.swift in Sources */,
				6967B6172CFB4870007289AD /* HeaderImageView.swift in Sources */,
				6967B6062CFB1B1D007289AD /* URLRequestCreater.swift in Sources */,
				6967B5F22CF9E134007289AD /* ProductListItemView.swift in Sources */,
				695169B02CFDB87A00879672 /* ErrorView.swift in Sources */,
				6967B5E92CF9C80E007289AD /* ProductListItemViewModel.swift in Sources */,
				6967B5FF2CFB1B1D007289AD /* NetworkConfig.swift in Sources */,
				6967B60F2CFB2BD4007289AD /* APIEndpoint.swift in Sources */,
				6947A0972CF880F500B1899E /* ProductsModule.swift in Sources */,
				6967B6152CFB3463007289AD /* AppConfiguration.swift in Sources */,
				6967B6022CFB1B1D007289AD /* NetworkRequest.swift in Sources */,
				6947A0A22CF88EA500B1899E /* ProductListUseCase.swift in Sources */,
				6967B6042CFB1B1D007289AD /* SharedURLSession.swift in Sources */,
				6947A0632CF7002B00B1899E /* ProductListView.swift in Sources */,
				6967B6052CFB1B1D007289AD /* SharedURLSessionDelegate.swift in Sources */,
				6967B5E72CF9C0D8007289AD /* ProductListRepositoryProtocol.swift in Sources */,
				6947A0A42CF88F2800B1899E /* ProductDomainListDTO.swift in Sources */,
				6967B6112CFB2C44007289AD /* ProductListRepository.swift in Sources */,
				6967B5FE2CFB1B1D007289AD /* DataTransferService.swift in Sources */,
				6967B5EB2CF9CA4E007289AD /* ProductListViewModel.swift in Sources */,
				6967B6012CFB1B1D007289AD /* NetworkManager.swift in Sources */,
				6967B6002CFB1B1D007289AD /* NetworkError.swift in Sources */,
				6947A0612CF7002B00B1899E /* ProductListingApp.swift in Sources */,
				6967B6132CFB33E3007289AD /* AppDIContainer.swift in Sources */,
				6967B6092CFB1C79007289AD /* URLAuthenticationChallenge+TrustServer.swift in Sources */,
				6967B5EE2CF9CBC2007289AD /* Constants.swift in Sources */,
				6967B6032CFB1B1D007289AD /* NetworkSessionManager.swift in Sources */,
				695169AE2CFDB5DC00879672 /* Double+CurrencyAmount.swift in Sources */,
			);
			runOnlyForDeploymentPostprocessing = 0;
		};
		6947A06B2CF7002D00B1899E /* Sources */ = {
			isa = PBXSourcesBuildPhase;
			buildActionMask = 2147483647;
			files = (
				6947A0742CF7002D00B1899E /* ProductListingTests.swift in Sources */,
			);
			runOnlyForDeploymentPostprocessing = 0;
		};
		6947A0752CF7002D00B1899E /* Sources */ = {
			isa = PBXSourcesBuildPhase;
			buildActionMask = 2147483647;
			files = (
				6947A07E2CF7002D00B1899E /* ProductListingUITests.swift in Sources */,
				6947A0802CF7002D00B1899E /* ProductListingUITestsLaunchTests.swift in Sources */,
			);
			runOnlyForDeploymentPostprocessing = 0;
		};
/* End PBXSourcesBuildPhase section */

/* Begin PBXTargetDependency section */
		6947A0712CF7002D00B1899E /* PBXTargetDependency */ = {
			isa = PBXTargetDependency;
			target = 6947A05C2CF7002B00B1899E /* ProductListing */;
			targetProxy = 6947A0702CF7002D00B1899E /* PBXContainerItemProxy */;
		};
		6947A07B2CF7002D00B1899E /* PBXTargetDependency */ = {
			isa = PBXTargetDependency;
			target = 6947A05C2CF7002B00B1899E /* ProductListing */;
			targetProxy = 6947A07A2CF7002D00B1899E /* PBXContainerItemProxy */;
		};
/* End PBXTargetDependency section */

/* Begin XCBuildConfiguration section */
		6947A0812CF7002D00B1899E /* Debug */ = {
			isa = XCBuildConfiguration;
			buildSettings = {
				ALWAYS_SEARCH_USER_PATHS = NO;
				ASSETCATALOG_COMPILER_GENERATE_SWIFT_ASSET_SYMBOL_EXTENSIONS = YES;
				CLANG_ANALYZER_NONNULL = YES;
				CLANG_ANALYZER_NUMBER_OBJECT_CONVERSION = YES_AGGRESSIVE;
				CLANG_CXX_LANGUAGE_STANDARD = "gnu++20";
				CLANG_ENABLE_MODULES = YES;
				CLANG_ENABLE_OBJC_ARC = YES;
				CLANG_ENABLE_OBJC_WEAK = YES;
				CLANG_WARN_BLOCK_CAPTURE_AUTORELEASING = YES;
				CLANG_WARN_BOOL_CONVERSION = YES;
				CLANG_WARN_COMMA = YES;
				CLANG_WARN_CONSTANT_CONVERSION = YES;
				CLANG_WARN_DEPRECATED_OBJC_IMPLEMENTATIONS = YES;
				CLANG_WARN_DIRECT_OBJC_ISA_USAGE = YES_ERROR;
				CLANG_WARN_DOCUMENTATION_COMMENTS = YES;
				CLANG_WARN_EMPTY_BODY = YES;
				CLANG_WARN_ENUM_CONVERSION = YES;
				CLANG_WARN_INFINITE_RECURSION = YES;
				CLANG_WARN_INT_CONVERSION = YES;
				CLANG_WARN_NON_LITERAL_NULL_CONVERSION = YES;
				CLANG_WARN_OBJC_IMPLICIT_RETAIN_SELF = YES;
				CLANG_WARN_OBJC_LITERAL_CONVERSION = YES;
				CLANG_WARN_OBJC_ROOT_CLASS = YES_ERROR;
				CLANG_WARN_QUOTED_INCLUDE_IN_FRAMEWORK_HEADER = YES;
				CLANG_WARN_RANGE_LOOP_ANALYSIS = YES;
				CLANG_WARN_STRICT_PROTOTYPES = YES;
				CLANG_WARN_SUSPICIOUS_MOVE = YES;
				CLANG_WARN_UNGUARDED_AVAILABILITY = YES_AGGRESSIVE;
				CLANG_WARN_UNREACHABLE_CODE = YES;
				CLANG_WARN__DUPLICATE_METHOD_MATCH = YES;
				COPY_PHASE_STRIP = NO;
				DEBUG_INFORMATION_FORMAT = dwarf;
				ENABLE_STRICT_OBJC_MSGSEND = YES;
				ENABLE_TESTABILITY = YES;
				ENABLE_USER_SCRIPT_SANDBOXING = YES;
				GCC_C_LANGUAGE_STANDARD = gnu17;
				GCC_DYNAMIC_NO_PIC = NO;
				GCC_NO_COMMON_BLOCKS = YES;
				GCC_OPTIMIZATION_LEVEL = 0;
				GCC_PREPROCESSOR_DEFINITIONS = (
					"DEBUG=1",
					"$(inherited)",
				);
				GCC_WARN_64_TO_32_BIT_CONVERSION = YES;
				GCC_WARN_ABOUT_RETURN_TYPE = YES_ERROR;
				GCC_WARN_UNDECLARED_SELECTOR = YES;
				GCC_WARN_UNINITIALIZED_AUTOS = YES_AGGRESSIVE;
				GCC_WARN_UNUSED_FUNCTION = YES;
				GCC_WARN_UNUSED_VARIABLE = YES;
				IPHONEOS_DEPLOYMENT_TARGET = 17.5;
				LOCALIZATION_PREFERS_STRING_CATALOGS = YES;
				MTL_ENABLE_DEBUG_INFO = INCLUDE_SOURCE;
				MTL_FAST_MATH = YES;
				ONLY_ACTIVE_ARCH = YES;
				SDKROOT = iphoneos;
				SWIFT_ACTIVE_COMPILATION_CONDITIONS = "DEBUG $(inherited)";
				SWIFT_OPTIMIZATION_LEVEL = "-Onone";
			};
			name = Debug;
		};
		6947A0822CF7002D00B1899E /* Release */ = {
			isa = XCBuildConfiguration;
			buildSettings = {
				ALWAYS_SEARCH_USER_PATHS = NO;
				ASSETCATALOG_COMPILER_GENERATE_SWIFT_ASSET_SYMBOL_EXTENSIONS = YES;
				CLANG_ANALYZER_NONNULL = YES;
				CLANG_ANALYZER_NUMBER_OBJECT_CONVERSION = YES_AGGRESSIVE;
				CLANG_CXX_LANGUAGE_STANDARD = "gnu++20";
				CLANG_ENABLE_MODULES = YES;
				CLANG_ENABLE_OBJC_ARC = YES;
				CLANG_ENABLE_OBJC_WEAK = YES;
				CLANG_WARN_BLOCK_CAPTURE_AUTORELEASING = YES;
				CLANG_WARN_BOOL_CONVERSION = YES;
				CLANG_WARN_COMMA = YES;
				CLANG_WARN_CONSTANT_CONVERSION = YES;
				CLANG_WARN_DEPRECATED_OBJC_IMPLEMENTATIONS = YES;
				CLANG_WARN_DIRECT_OBJC_ISA_USAGE = YES_ERROR;
				CLANG_WARN_DOCUMENTATION_COMMENTS = YES;
				CLANG_WARN_EMPTY_BODY = YES;
				CLANG_WARN_ENUM_CONVERSION = YES;
				CLANG_WARN_INFINITE_RECURSION = YES;
				CLANG_WARN_INT_CONVERSION = YES;
				CLANG_WARN_NON_LITERAL_NULL_CONVERSION = YES;
				CLANG_WARN_OBJC_IMPLICIT_RETAIN_SELF = YES;
				CLANG_WARN_OBJC_LITERAL_CONVERSION = YES;
				CLANG_WARN_OBJC_ROOT_CLASS = YES_ERROR;
				CLANG_WARN_QUOTED_INCLUDE_IN_FRAMEWORK_HEADER = YES;
				CLANG_WARN_RANGE_LOOP_ANALYSIS = YES;
				CLANG_WARN_STRICT_PROTOTYPES = YES;
				CLANG_WARN_SUSPICIOUS_MOVE = YES;
				CLANG_WARN_UNGUARDED_AVAILABILITY = YES_AGGRESSIVE;
				CLANG_WARN_UNREACHABLE_CODE = YES;
				CLANG_WARN__DUPLICATE_METHOD_MATCH = YES;
				COPY_PHASE_STRIP = NO;
				DEBUG_INFORMATION_FORMAT = "dwarf-with-dsym";
				ENABLE_NS_ASSERTIONS = NO;
				ENABLE_STRICT_OBJC_MSGSEND = YES;
				ENABLE_USER_SCRIPT_SANDBOXING = YES;
				GCC_C_LANGUAGE_STANDARD = gnu17;
				GCC_NO_COMMON_BLOCKS = YES;
				GCC_WARN_64_TO_32_BIT_CONVERSION = YES;
				GCC_WARN_ABOUT_RETURN_TYPE = YES_ERROR;
				GCC_WARN_UNDECLARED_SELECTOR = YES;
				GCC_WARN_UNINITIALIZED_AUTOS = YES_AGGRESSIVE;
				GCC_WARN_UNUSED_FUNCTION = YES;
				GCC_WARN_UNUSED_VARIABLE = YES;
				IPHONEOS_DEPLOYMENT_TARGET = 17.5;
				LOCALIZATION_PREFERS_STRING_CATALOGS = YES;
				MTL_ENABLE_DEBUG_INFO = NO;
				MTL_FAST_MATH = YES;
				SDKROOT = iphoneos;
				SWIFT_COMPILATION_MODE = wholemodule;
				VALIDATE_PRODUCT = YES;
			};
			name = Release;
		};
		6947A0842CF7002D00B1899E /* Debug */ = {
			isa = XCBuildConfiguration;
			baseConfigurationReference = 72873AC0BE3E2764642B9875 /* Pods-ProductListing.debug.xcconfig */;
			buildSettings = {
				ASSETCATALOG_COMPILER_APPICON_NAME = AppIcon;
				ASSETCATALOG_COMPILER_GLOBAL_ACCENT_COLOR_NAME = AccentColor;
				CODE_SIGN_STYLE = Automatic;
				CURRENT_PROJECT_VERSION = 1;
				DEVELOPMENT_ASSET_PATHS = "\"ProductListing/Resources/Preview Content\"";
				DEVELOPMENT_TEAM = KX3K56GXBT;
				ENABLE_PREVIEWS = YES;
				ENABLE_USER_SCRIPT_SANDBOXING = NO;
				GENERATE_INFOPLIST_FILE = YES;
				INFOPLIST_KEY_UIApplicationSceneManifest_Generation = YES;
				INFOPLIST_KEY_UIApplicationSupportsIndirectInputEvents = YES;
				INFOPLIST_KEY_UILaunchScreen_Generation = YES;
				INFOPLIST_KEY_UISupportedInterfaceOrientations_iPad = "UIInterfaceOrientationPortrait UIInterfaceOrientationPortraitUpsideDown UIInterfaceOrientationLandscapeLeft UIInterfaceOrientationLandscapeRight";
				INFOPLIST_KEY_UISupportedInterfaceOrientations_iPhone = "UIInterfaceOrientationPortrait UIInterfaceOrientationLandscapeLeft UIInterfaceOrientationLandscapeRight";
				LD_RUNPATH_SEARCH_PATHS = (
					"$(inherited)",
					"@executable_path/Frameworks",
				);
				MARKETING_VERSION = 1.0;
				PRODUCT_BUNDLE_IDENTIFIER = com.swiftui.learn.ProductListing;
				PRODUCT_NAME = "$(TARGET_NAME)";
				SWIFT_EMIT_LOC_STRINGS = YES;
				SWIFT_VERSION = 5.0;
				TARGETED_DEVICE_FAMILY = "1,2";
			};
			name = Debug;
		};
		6947A0852CF7002D00B1899E /* Release */ = {
			isa = XCBuildConfiguration;
			baseConfigurationReference = 7140BA6775317FF0974E7023 /* Pods-ProductListing.release.xcconfig */;
			buildSettings = {
				ASSETCATALOG_COMPILER_APPICON_NAME = AppIcon;
				ASSETCATALOG_COMPILER_GLOBAL_ACCENT_COLOR_NAME = AccentColor;
				CODE_SIGN_STYLE = Automatic;
				CURRENT_PROJECT_VERSION = 1;
				DEVELOPMENT_ASSET_PATHS = "\"ProductListing/Resources/Preview Content\"";
				DEVELOPMENT_TEAM = KX3K56GXBT;
				ENABLE_PREVIEWS = YES;
				ENABLE_USER_SCRIPT_SANDBOXING = NO;
				GENERATE_INFOPLIST_FILE = YES;
				INFOPLIST_KEY_UIApplicationSceneManifest_Generation = YES;
				INFOPLIST_KEY_UIApplicationSupportsIndirectInputEvents = YES;
				INFOPLIST_KEY_UILaunchScreen_Generation = YES;
				INFOPLIST_KEY_UISupportedInterfaceOrientations_iPad = "UIInterfaceOrientationPortrait UIInterfaceOrientationPortraitUpsideDown UIInterfaceOrientationLandscapeLeft UIInterfaceOrientationLandscapeRight";
				INFOPLIST_KEY_UISupportedInterfaceOrientations_iPhone = "UIInterfaceOrientationPortrait UIInterfaceOrientationLandscapeLeft UIInterfaceOrientationLandscapeRight";
				LD_RUNPATH_SEARCH_PATHS = (
					"$(inherited)",
					"@executable_path/Frameworks",
				);
				MARKETING_VERSION = 1.0;
				PRODUCT_BUNDLE_IDENTIFIER = com.swiftui.learn.ProductListing;
				PRODUCT_NAME = "$(TARGET_NAME)";
				SWIFT_EMIT_LOC_STRINGS = YES;
				SWIFT_VERSION = 5.0;
				TARGETED_DEVICE_FAMILY = "1,2";
			};
			name = Release;
		};
		6947A0872CF7002D00B1899E /* Debug */ = {
			isa = XCBuildConfiguration;
			baseConfigurationReference = 95ADA72F2A2F2F1139EED608 /* Pods-ProductListingTests.debug.xcconfig */;
			buildSettings = {
				ALWAYS_EMBED_SWIFT_STANDARD_LIBRARIES = YES;
				BUNDLE_LOADER = "$(TEST_HOST)";
				CODE_SIGN_STYLE = Automatic;
				CURRENT_PROJECT_VERSION = 1;
				DEVELOPMENT_TEAM = KX3K56GXBT;
				GENERATE_INFOPLIST_FILE = YES;
				IPHONEOS_DEPLOYMENT_TARGET = 17.5;
				MARKETING_VERSION = 1.0;
				PRODUCT_BUNDLE_IDENTIFIER = com.swiftui.learn.ProductListingTests;
				PRODUCT_NAME = "$(TARGET_NAME)";
				SWIFT_EMIT_LOC_STRINGS = NO;
				SWIFT_VERSION = 5.0;
				TARGETED_DEVICE_FAMILY = "1,2";
				TEST_HOST = "$(BUILT_PRODUCTS_DIR)/ProductListing.app/$(BUNDLE_EXECUTABLE_FOLDER_PATH)/ProductListing";
			};
			name = Debug;
		};
		6947A0882CF7002D00B1899E /* Release */ = {
			isa = XCBuildConfiguration;
			baseConfigurationReference = F86017B4AE583481319C929C /* Pods-ProductListingTests.release.xcconfig */;
			buildSettings = {
				ALWAYS_EMBED_SWIFT_STANDARD_LIBRARIES = YES;
				BUNDLE_LOADER = "$(TEST_HOST)";
				CODE_SIGN_STYLE = Automatic;
				CURRENT_PROJECT_VERSION = 1;
				DEVELOPMENT_TEAM = KX3K56GXBT;
				GENERATE_INFOPLIST_FILE = YES;
				IPHONEOS_DEPLOYMENT_TARGET = 17.5;
				MARKETING_VERSION = 1.0;
				PRODUCT_BUNDLE_IDENTIFIER = com.swiftui.learn.ProductListingTests;
				PRODUCT_NAME = "$(TARGET_NAME)";
				SWIFT_EMIT_LOC_STRINGS = NO;
				SWIFT_VERSION = 5.0;
				TARGETED_DEVICE_FAMILY = "1,2";
				TEST_HOST = "$(BUILT_PRODUCTS_DIR)/ProductListing.app/$(BUNDLE_EXECUTABLE_FOLDER_PATH)/ProductListing";
			};
			name = Release;
		};
		6947A08A2CF7002D00B1899E /* Debug */ = {
			isa = XCBuildConfiguration;
			baseConfigurationReference = BD009D9C5C84CDB5AF011F7B /* Pods-ProductListing-ProductListingUITests.debug.xcconfig */;
			buildSettings = {
				ALWAYS_EMBED_SWIFT_STANDARD_LIBRARIES = YES;
				CODE_SIGN_STYLE = Automatic;
				CURRENT_PROJECT_VERSION = 1;
				DEVELOPMENT_TEAM = KX3K56GXBT;
				GENERATE_INFOPLIST_FILE = YES;
				MARKETING_VERSION = 1.0;
				PRODUCT_BUNDLE_IDENTIFIER = com.swiftui.learn.ProductListingUITests;
				PRODUCT_NAME = "$(TARGET_NAME)";
				SWIFT_EMIT_LOC_STRINGS = NO;
				SWIFT_VERSION = 5.0;
				TARGETED_DEVICE_FAMILY = "1,2";
				TEST_TARGET_NAME = ProductListing;
			};
			name = Debug;
		};
		6947A08B2CF7002D00B1899E /* Release */ = {
			isa = XCBuildConfiguration;
			baseConfigurationReference = 8A9E1D1DA87BED01C8750A88 /* Pods-ProductListing-ProductListingUITests.release.xcconfig */;
			buildSettings = {
				ALWAYS_EMBED_SWIFT_STANDARD_LIBRARIES = YES;
				CODE_SIGN_STYLE = Automatic;
				CURRENT_PROJECT_VERSION = 1;
				DEVELOPMENT_TEAM = KX3K56GXBT;
				GENERATE_INFOPLIST_FILE = YES;
				MARKETING_VERSION = 1.0;
				PRODUCT_BUNDLE_IDENTIFIER = com.swiftui.learn.ProductListingUITests;
				PRODUCT_NAME = "$(TARGET_NAME)";
				SWIFT_EMIT_LOC_STRINGS = NO;
				SWIFT_VERSION = 5.0;
				TARGETED_DEVICE_FAMILY = "1,2";
				TEST_TARGET_NAME = ProductListing;
			};
			name = Release;
		};
/* End XCBuildConfiguration section */

/* Begin XCConfigurationList section */
		6947A0582CF7002B00B1899E /* Build configuration list for PBXProject "ProductListing" */ = {
			isa = XCConfigurationList;
			buildConfigurations = (
				6947A0812CF7002D00B1899E /* Debug */,
				6947A0822CF7002D00B1899E /* Release */,
			);
			defaultConfigurationIsVisible = 0;
			defaultConfigurationName = Release;
		};
		6947A0832CF7002D00B1899E /* Build configuration list for PBXNativeTarget "ProductListing" */ = {
			isa = XCConfigurationList;
			buildConfigurations = (
				6947A0842CF7002D00B1899E /* Debug */,
				6947A0852CF7002D00B1899E /* Release */,
			);
			defaultConfigurationIsVisible = 0;
			defaultConfigurationName = Release;
		};
		6947A0862CF7002D00B1899E /* Build configuration list for PBXNativeTarget "ProductListingTests" */ = {
			isa = XCConfigurationList;
			buildConfigurations = (
				6947A0872CF7002D00B1899E /* Debug */,
				6947A0882CF7002D00B1899E /* Release */,
			);
			defaultConfigurationIsVisible = 0;
			defaultConfigurationName = Release;
		};
		6947A0892CF7002D00B1899E /* Build configuration list for PBXNativeTarget "ProductListingUITests" */ = {
			isa = XCConfigurationList;
			buildConfigurations = (
				6947A08A2CF7002D00B1899E /* Debug */,
				6947A08B2CF7002D00B1899E /* Release */,
			);
			defaultConfigurationIsVisible = 0;
			defaultConfigurationName = Release;
		};
/* End XCConfigurationList section */
	};
	rootObject = 6947A0552CF7002B00B1899E /* Project object */;
}
